
Microsoft Visual Studio Solution File, Format Version 12.00
# Visual Studio Version 16
VisualStudioVersion = 16.0.30907.101
MinimumVisualStudioVersion = 10.0.40219.1
Project("{9A19103F-16F7-4668-BE54-9A1E7A4F7556}") = "Cahuil.Bot.Apinter", "Cahuil.Bot\Cahuil.Bot.Apinter.csproj", "{D5734C3E-4BE9-4022-866B-7AEB9444742F}"
EndProject
Project("{9A19103F-16F7-4668-BE54-9A1E7A4F7556}") = "Cahuil.Bot.Model", "Cahuil.Bot.Model\Cahuil.Bot.Model.csproj", "{B80E7D1B-3D81-4E51-A66F-FEDED99E7F42}"
EndProject
Project("{9A19103F-16F7-4668-BE54-9A1E7A4F7556}") = "Cahuil.Bot.Data", "Cahuil.Bot.Data\Cahuil.Bot.Data.csproj", "{7E33D502-85E4-49AF-AE35-536115E8400B}"
EndProject
Project("{9A19103F-16F7-4668-BE54-9A1E7A4F7556}") = "Cahuil.Bot.Service", "Cahuil.Bot.Service\Cahuil.Bot.Service.csproj", "{4BDA62E4-A640-4D50-8E66-7FAB635590D0}"
EndProject
Project("{9A19103F-16F7-4668-BE54-9A1E7A4F7556}") = "Microsoft.Bot.Builder.Adapters.ZokoWhatsapp", "Microsoft.Bot.Builder.Adapters.Twilio\Microsoft.Bot.Builder.Adapters.ZokoWhatsapp.csproj", "{5E873D87-4A7E-4682-95E7-FCD0FB53050B}"
EndProject
Global
	GlobalSection(SolutionConfigurationPlatforms) = preSolution
		Debug|Any CPU = Debug|Any CPU
		Release|Any CPU = Release|Any CPU
	EndGlobalSection
	GlobalSection(ProjectConfigurationPlatforms) = postSolution
		{D5734C3E-4BE9-4022-866B-7AEB9444742F}.Debug|Any CPU.ActiveCfg = Debug|Any CPU
		{D5734C3E-4BE9-4022-866B-7AEB9444742F}.Debug|Any CPU.Build.0 = Debug|Any CPU
		{D5734C3E-4BE9-4022-866B-7AEB9444742F}.Release|Any CPU.ActiveCfg = Release|Any CPU
		{D5734C3E-4BE9-4022-866B-7AEB9444742F}.Release|Any CPU.Build.0 = Release|Any CPU
		{B80E7D1B-3D81-4E51-A66F-FEDED99E7F42}.Debug|Any CPU.ActiveCfg = Debug|Any CPU
		{B80E7D1B-3D81-4E51-A66F-FEDED99E7F42}.Debug|Any CPU.Build.0 = Debug|Any CPU
		{B80E7D1B-3D81-4E51-A66F-FEDED99E7F42}.Release|Any CPU.ActiveCfg = Release|Any CPU
		{B80E7D1B-3D81-4E51-A66F-FEDED99E7F42}.Release|Any CPU.Build.0 = Release|Any CPU
		{7E33D502-85E4-49AF-AE35-536115E8400B}.Debug|Any CPU.ActiveCfg = Debug|Any CPU
		{7E33D502-85E4-49AF-AE35-536115E8400B}.Debug|Any CPU.Build.0 = Debug|Any CPU
		{7E33D502-85E4-49AF-AE35-536115E8400B}.Release|Any CPU.ActiveCfg = Release|Any CPU
		{7E33D502-85E4-49AF-AE35-536115E8400B}.Release|Any CPU.Build.0 = Release|Any CPU
		{4BDA62E4-A640-4D50-8E66-7FAB635590D0}.Debug|Any CPU.ActiveCfg = Debug|Any CPU
		{4BDA62E4-A640-4D50-8E66-7FAB635590D0}.Debug|Any CPU.Build.0 = Debug|Any CPU
		{4BDA62E4-A640-4D50-8E66-7FAB635590D0}.Release|Any CPU.ActiveCfg = Release|Any CPU
		{4BDA62E4-A640-4D50-8E66-7FAB635590D0}.Release|Any CPU.Build.0 = Release|Any CPU
		{5E873D87-4A7E-4682-95E7-FCD0FB53050B}.Debug|Any CPU.ActiveCfg = Debug|Any CPU
		{5E873D87-4A7E-4682-95E7-FCD0FB53050B}.Debug|Any CPU.Build.0 = Debug|Any CPU
		{5E873D87-4A7E-4682-95E7-FCD0FB53050B}.Release|Any CPU.ActiveCfg = Release|Any CPU
		{5E873D87-4A7E-4682-95E7-FCD0FB53050B}.Release|Any CPU.Build.0 = Release|Any CPU
	EndGlobalSection
	GlobalSection(SolutionProperties) = preSolution
		HideSolutionNode = FALSE
	EndGlobalSection
	GlobalSection(ExtensibilityGlobals) = postSolution
		SolutionGuid = {634328EB-AE5E-4547-9285-EB5836438451}
	EndGlobalSection
EndGlobal
